// !$*UTF8*$!
{
	archiveVersion = 1;
	classes = {
	};
	objectVersion = 56;
	objects = {

/* Begin PBXBuildFile section */
		A10000010000000000000001 /* JarvisHealthApp.swift in Sources */ = {isa = PBXBuildFile; fileRef = A10000110000000000000001 /* JarvisHealthApp.swift */; };
		A10000020000000000000001 /* ContentView.swift in Sources */ = {isa = PBXBuildFile; fileRef = A10000120000000000000001 /* ContentView.swift */; };
		A10000030000000000000001 /* HealthKitManager.swift in Sources */ = {isa = PBXBuildFile; fileRef = A10000130000000000000001 /* HealthKitManager.swift */; };
		A10000050000000000000001 /* MovementManager.swift in Sources */ = {isa = PBXBuildFile; fileRef = A10000180000000000000001 /* MovementManager.swift */; };
		A10000040000000000000001 /* Assets.xcassets in Resources */ = {isa = PBXBuildFile; fileRef = A10000140000000000000001 /* Assets.xcassets */; };
		A100000A0000000000000001 /* JarvisModels.swift in Sources */ = {isa = PBXBuildFile; fileRef = A100001A0000000000000001 /* JarvisModels.swift */; };
		A100000B0000000000000001 /* JarvisAPIClient.swift in Sources */ = {isa = PBXBuildFile; fileRef = A100001B0000000000000001 /* JarvisAPIClient.swift */; };
		A100000C0000000000000001 /* NutritionViewModel.swift in Sources */ = {isa = PBXBuildFile; fileRef = A100001C0000000000000001 /* NutritionViewModel.swift */; };
		A100000D0000000000000001 /* NutritionView.swift in Sources */ = {isa = PBXBuildFile; fileRef = A100001D0000000000000001 /* NutritionView.swift */; };
		A100000E0000000000000001 /* AssistantView.swift in Sources */ = {isa = PBXBuildFile; fileRef = A100001E0000000000000001 /* AssistantView.swift */; };
		A100000F0000000000000001 /* DashboardView.swift in Sources */ = {isa = PBXBuildFile; fileRef = A100001F0000000000000001 /* DashboardView.swift */; };
		A100000G0000000000000001 /* SettingsView.swift in Sources */ = {isa = PBXBuildFile; fileRef = A100001G0000000000000001 /* SettingsView.swift */; };
		A100000H0000000000000001 /* RootView.swift in Sources */ = {isa = PBXBuildFile; fileRef = A100001H0000000000000001 /* RootView.swift */; };
/* End PBXBuildFile section */

/* Begin PBXFileReference section */
		A10000110000000000000001 /* JarvisHealthApp.swift */ = {isa = PBXFileReference; lastKnownFileType = sourcecode.swift; path = JarvisHealthApp.swift; sourceTree = "<group>"; };
		A10000120000000000000001 /* ContentView.swift */ = {isa = PBXFileReference; lastKnownFileType = sourcecode.swift; path = ContentView.swift; sourceTree = "<group>"; };
		A10000130000000000000001 /* HealthKitManager.swift */ = {isa = PBXFileReference; lastKnownFileType = sourcecode.swift; path = HealthKitManager.swift; sourceTree = "<group>"; };
		A10000140000000000000001 /* Assets.xcassets */ = {isa = PBXFileReference; lastKnownFileType = folder.assetcatalog; path = Assets.xcassets; sourceTree = "<group>"; };
		A10000150000000000000001 /* Info.plist */ = {isa = PBXFileReference; lastKnownFileType = text.plist.xml; path = Info.plist; sourceTree = "<group>"; };
		A10000160000000000000001 /* JarvisHealth.entitlements */ = {isa = PBXFileReference; lastKnownFileType = text.plist.entitlements; path = JarvisHealth.entitlements; sourceTree = "<group>"; };
		A10000170000000000000001 /* JarvisHealth.app */ = {isa = PBXFileReference; explicitFileType = wrapper.application; includeInIndex = 0; path = JarvisHealth.app; sourceTree = BUILT_PRODUCTS_DIR; };
		A10000180000000000000001 /* MovementManager.swift */ = {isa = PBXFileReference; lastKnownFileType = sourcecode.swift; path = MovementManager.swift; sourceTree = "<group>"; };
		A100001A0000000000000001 /* JarvisModels.swift */ = {isa = PBXFileReference; lastKnownFileType = sourcecode.swift; path = JarvisModels.swift; sourceTree = "<group>"; };
		A100001B0000000000000001 /* JarvisAPIClient.swift */ = {isa = PBXFileReference; lastKnownFileType = sourcecode.swift; path = JarvisAPIClient.swift; sourceTree = "<group>"; };
		A100001C0000000000000001 /* NutritionViewModel.swift */ = {isa = PBXFileReference; lastKnownFileType = sourcecode.swift; path = NutritionViewModel.swift; sourceTree = "<group>"; };
		A100001D0000000000000001 /* NutritionView.swift */ = {isa = PBXFileReference; lastKnownFileType = sourcecode.swift; path = NutritionView.swift; sourceTree = "<group>"; };
		A100001E0000000000000001 /* AssistantView.swift */ = {isa = PBXFileReference; lastKnownFileType = sourcecode.swift; path = AssistantView.swift; sourceTree = "<group>"; };
		A100001F0000000000000001 /* DashboardView.swift */ = {isa = PBXFileReference; lastKnownFileType = sourcecode.swift; path = DashboardView.swift; sourceTree = "<group>"; };
		A100001G0000000000000001 /* SettingsView.swift */ = {isa = PBXFileReference; lastKnownFileType = sourcecode.swift; path = SettingsView.swift; sourceTree = "<group>"; };
		A100001H0000000000000001 /* RootView.swift */ = {isa = PBXFileReference; lastKnownFileType = sourcecode.swift; path = RootView.swift; sourceTree = "<group>"; };
/* End PBXFileReference section */

/* Begin PBXFrameworksBuildPhase section */
		A10000230000000000000001 /* Frameworks */ = {
			isa = PBXFrameworksBuildPhase;
			buildActionMask = 2147483647;
			files = (
			);
			runOnlyForDeploymentPostprocessing = 0;
		};
/* End PBXFrameworksBuildPhase section */

/* Begin PBXGroup section */
		A10000310000000000000001 = {
			isa = PBXGroup;
			children = (
				A10000320000000000000001 /* JarvisHealth */,
				A10000330000000000000001 /* Products */,
			);
			sourceTree = "<group>";
		};
		A10000320000000000000001 /* JarvisHealth */ = {
			isa = PBXGroup;
			children = (
				A10000110000000000000001 /* JarvisHealthApp.swift */,
				A100001H0000000000000001 /* RootView.swift */,
				A100001F0000000000000001 /* DashboardView.swift */,
				A100001D0000000000000001 /* NutritionView.swift */,
				A100001C0000000000000001 /* NutritionViewModel.swift */,
				A100001E0000000000000001 /* AssistantView.swift */,
				A10000120000000000000001 /* ContentView.swift */,
				A10000130000000000000001 /* HealthKitManager.swift */,
				A10000180000000000000001 /* MovementManager.swift */,
				A100001G0000000000000001 /* SettingsView.swift */,
				A100001A0000000000000001 /* JarvisModels.swift */,
				A100001B0000000000000001 /* JarvisAPIClient.swift */,
				A10000140000000000000001 /* Assets.xcassets */,
				A10000150000000000000001 /* Info.plist */,
				A10000160000000000000001 /* JarvisHealth.entitlements */,
			);
			path = JarvisHealth;
			sourceTree = "<group>";
		};
		A10000330000000000000001 /* Products */ = {
			isa = PBXGroup;
			children = (
				A10000170000000000000001 /* JarvisHealth.app */,
			);
			name = Products;
			sourceTree = "<group>";
		};
/* End PBXGroup section */

/* Begin PBXNativeTarget section */
		A10000410000000000000001 /* JarvisHealth */ = {
			isa = PBXNativeTarget;
			buildConfigurationList = A10000520000000000000001 /* Build configuration list for PBXNativeTarget "JarvisHealth" */;
			buildPhases = (
				A10000210000000000000001 /* Sources */,
				A10000230000000000000001 /* Frameworks */,
				A10000220000000000000001 /* Resources */,
			);
			buildRules = (
			);
			dependencies = (
			);
			name = JarvisHealth;
			productName = JarvisHealth;
			productReference = A10000170000000000000001 /* JarvisHealth.app */;
			productType = "com.apple.product-type.application";
		};
/* End PBXNativeTarget section */

/* Begin PBXProject section */
		A10000610000000000000001 /* Project object */ = {
			isa = PBXProject;
			attributes = {
				BuildIndependentTargetsInParallel = 1;
				LastSwiftUpdateCheck = 2600;
				LastUpgradeCheck = 2600;
				TargetAttributes = {
					A10000410000000000000001 = {
						CreatedOnToolsVersion = 26.4.1;
						ProvisioningStyle = Automatic;
					};
				};
			};
			buildConfigurationList = A10000510000000000000001 /* Build configuration list for PBXProject "JarvisHealth" */;
			compatibilityVersion = "Xcode 14.0";
			developmentRegion = en;
			hasScannedForEncodings = 0;
			knownRegions = (
				en,
				Base,
			);
			mainGroup = A10000310000000000000001;
			productRefGroup = A10000330000000000000001 /* Products */;
			projectDirPath = "";
			projectRoot = "";
			targets = (
				A10000410000000000000001 /* JarvisHealth */,
			);
		};
/* End PBXProject section */

/* Begin PBXResourcesBuildPhase section */
		A10000220000000000000001 /* Resources */ = {
			isa = PBXResourcesBuildPhase;
			buildActionMask = 2147483647;
			files = (
				A10000040000000000000001 /* Assets.xcassets in Resources */,
			);
			runOnlyForDeploymentPostprocessing = 0;
		};
/* End PBXResourcesBuildPhase section */

/* Begin PBXSourcesBuildPhase section */
		A10000210000000000000001 /* Sources */ = {
			isa = PBXSourcesBuildPhase;
			buildActionMask = 2147483647;
			files = (
				A10000010000000000000001 /* JarvisHealthApp.swift in Sources */,
				A100000H0000000000000001 /* RootView.swift in Sources */,
				A100000F0000000000000001 /* DashboardView.swift in Sources */,
				A100000D0000000000000001 /* NutritionView.swift in Sources */,
				A100000C0000000000000001 /* NutritionViewModel.swift in Sources */,
				A100000E0000000000000001 /* AssistantView.swift in Sources */,
				A10000020000000000000001 /* ContentView.swift in Sources */,
				A10000030000000000000001 /* HealthKitManager.swift in Sources */,
				A10000050000000000000001 /* MovementManager.swift in Sources */,
				A100000G0000000000000001 /* SettingsView.swift in Sources */,
				A100000A0000000000000001 /* JarvisModels.swift in Sources */,
				A100000B0000000000000001 /* JarvisAPIClient.swift in Sources */,
			);
			runOnlyForDeploymentPostprocessing = 0;
		};
/* End PBXSourcesBuildPhase section */

/* Begin XCBuildConfiguration section */
		A10000710000000000000001 /* Debug */ = {
			isa = XCBuildConfiguration;
			buildSettings = {
				ALWAYS_SEARCH_USER_PATHS = NO;
				CLANG_ENABLE_MODULES = YES;
				CLANG_ENABLE_OBJC_ARC = YES;
				CLANG_WARN_DOCUMENTATION_COMMENTS = YES;
				CLANG_WARN_QUOTED_INCLUDE_IN_FRAMEWORK_HEADER = YES;
				COPY_PHASE_STRIP = NO;
				DEBUG_INFORMATION_FORMAT = dwarf;
				ENABLE_STRICT_OBJC_MSGSEND = YES;
				GCC_C_LANGUAGE_STANDARD = gnu17;
				GCC_DYNAMIC_NO_PIC = NO;
				GCC_NO_COMMON_BLOCKS = YES;
				GCC_OPTIMIZATION_LEVEL = 0;
				GCC_PREPROCESSOR_DEFINITIONS = (
					"DEBUG=1",
					"$(inherited)",
				);
				GCC_WARN_64_TO_32_BIT_CONVERSION = YES;
				GCC_WARN_ABOUT_RETURN_TYPE = YES_ERROR;
				GCC_WARN_UNDECLARED_SELECTOR = YES;
				GCC_WARN_UNINITIALIZED_AUTOS = YES_AGGRESSIVE;
				GCC_WARN_UNUSED_FUNCTION = YES;
				GCC_WARN_UNUSED_VARIABLE = YES;
				IPHONEOS_DEPLOYMENT_TARGET = 17.0;
				MTL_ENABLE_DEBUG_INFO = INCLUDE_SOURCE;
				ONLY_ACTIVE_ARCH = YES;
				SDKROOT = iphoneos;
				SWIFT_VERSION = 5.0;
			};
			name = Debug;
		};
		A10000720000000000000001 /* Release */ = {
			isa = XCBuildConfiguration;
			buildSettings = {
				ALWAYS_SEARCH_USER_PATHS = NO;
				CLANG_ENABLE_MODULES = YES;
				CLANG_ENABLE_OBJC_ARC = YES;
				CLANG_WARN_DOCUMENTATION_COMMENTS = YES;
				CLANG_WARN_QUOTED_INCLUDE_IN_FRAMEWORK_HEADER = YES;
				COPY_PHASE_STRIP = NO;
				DEBUG_INFORMATION_FORMAT = "dwarf-with-dsym";
				ENABLE_NS_ASSERTIONS = NO;
				ENABLE_STRICT_OBJC_MSGSEND = YES;
				GCC_C_LANGUAGE_STANDARD = gnu17;
				GCC_NO_COMMON_BLOCKS = YES;
				GCC_WARN_64_TO_32_BIT_CONVERSION = YES;
				GCC_WARN_ABOUT_RETURN_TYPE = YES_ERROR;
				GCC_WARN_UNDECLARED_SELECTOR = YES;
				GCC_WARN_UNINITIALIZED_AUTOS = YES_AGGRESSIVE;
				GCC_WARN_UNUSED_FUNCTION = YES;
				GCC_WARN_UNUSED_VARIABLE = YES;
				IPHONEOS_DEPLOYMENT_TARGET = 17.0;
				MTL_ENABLE_DEBUG_INFO = NO;
				SDKROOT = iphoneos;
				SWIFT_COMPILATION_MODE = wholemodule;
				SWIFT_OPTIMIZATION_LEVEL = "-O";
				SWIFT_VERSION = 5.0;
				VALIDATE_PRODUCT = YES;
			};
			name = Release;
		};
		A10000730000000000000001 /* Debug */ = {
			isa = XCBuildConfiguration;
			buildSettings = {
				ASSETCATALOG_COMPILER_APPICON_NAME = AppIcon;
				CODE_SIGN_ENTITLEMENTS = JarvisHealth/JarvisHealth.entitlements;
				CODE_SIGN_STYLE = Automatic;
				CURRENT_PROJECT_VERSION = 1;
				DEVELOPMENT_ASSET_PATHS = "\"JarvisHealth/Preview Content\"";
				DEVELOPMENT_TEAM = 7VT9Q46GP7;
				GENERATE_INFOPLIST_FILE = NO;
				INFOPLIST_FILE = JarvisHealth/Info.plist;
				INFOPLIST_KEY_UIApplicationSupportsIndirectInputEvents = YES;
				IPHONEOS_DEPLOYMENT_TARGET = 17.0;
				LD_RUNPATH_SEARCH_PATHS = (
					"$(inherited)",
					"@executable_path/Frameworks",
				);
				MARKETING_VERSION = 1.0;
				PRODUCT_BUNDLE_IDENTIFIER = com.jtgladden.JarvisHealth;
				PRODUCT_NAME = "$(TARGET_NAME)";
				SUPPORTED_PLATFORMS = "iphoneos iphonesimulator";
				SUPPORTS_MACCATALYST = NO;
				SWIFT_EMIT_LOC_STRINGS = YES;
				SWIFT_VERSION = 5.0;
				TARGETED_DEVICE_FAMILY = 1;
			};
			name = Debug;
		};
		A10000740000000000000001 /* Release */ = {
			isa = XCBuildConfiguration;
			buildSettings = {
				ASSETCATALOG_COMPILER_APPICON_NAME = AppIcon;
				CODE_SIGN_ENTITLEMENTS = JarvisHealth/JarvisHealth.entitlements;
				CODE_SIGN_STYLE = Automatic;
				CURRENT_PROJECT_VERSION = 1;
				DEVELOPMENT_ASSET_PATHS = "\"JarvisHealth/Preview Content\"";
				DEVELOPMENT_TEAM = 7VT9Q46GP7;
				GENERATE_INFOPLIST_FILE = NO;
				INFOPLIST_FILE = JarvisHealth/Info.plist;
				INFOPLIST_KEY_UIApplicationSupportsIndirectInputEvents = YES;
				IPHONEOS_DEPLOYMENT_TARGET = 17.0;
				LD_RUNPATH_SEARCH_PATHS = (
					"$(inherited)",
					"@executable_path/Frameworks",
				);
				MARKETING_VERSION = 1.0;
				PRODUCT_BUNDLE_IDENTIFIER = com.jtgladden.JarvisHealth;
				PRODUCT_NAME = "$(TARGET_NAME)";
				SUPPORTED_PLATFORMS = "iphoneos iphonesimulator";
				SUPPORTS_MACCATALYST = NO;
				SWIFT_EMIT_LOC_STRINGS = YES;
				SWIFT_VERSION = 5.0;
				TARGETED_DEVICE_FAMILY = 1;
			};
			name = Release;
		};
/* End XCBuildConfiguration section */

/* Begin XCConfigurationList section */
		A10000510000000000000001 /* Build configuration list for PBXProject "JarvisHealth" */ = {
			isa = XCConfigurationList;
			buildConfigurations = (
				A10000710000000000000001 /* Debug */,
				A10000720000000000000001 /* Release */,
			);
			defaultConfigurationIsVisible = 0;
			defaultConfigurationName = Release;
		};
		A10000520000000000000001 /* Build configuration list for PBXNativeTarget "JarvisHealth" */ = {
			isa = XCConfigurationList;
			buildConfigurations = (
				A10000730000000000000001 /* Debug */,
				A10000740000000000000001 /* Release */,
			);
			defaultConfigurationIsVisible = 0;
			defaultConfigurationName = Release;
		};
/* End XCConfigurationList section */
	};
	rootObject = A10000610000000000000001 /* Project object */;
}
